github.com/Nv7-Github/chromego v0.0.0-20210220235318-f85b26d024a5 h1:0tDp60LpEhuLC5r6on8gS5psZnBC4RqO6mKRRFaXWcI=
github.com/Nv7-Github/chromego v0.0.0-20210220235318-f85b26d024a5/go.mod h1:7iQHVPihKPL5R673AspKjLEwh7gTqW8t02uD3Hcjaj4=
github.com/bunsenapp/go-selenium v0.1.0 h1:sDE9BCUoZNWycffacIzjU2ubpGTCMX3K9+QhbsbY4EI=
github.com/bunsenapp/go-selenium v0.1.0/go.mod h1:QbngcjhmXoGwhOcwBMhSXYl1A29IVDZff1T00GZ7y30=
