github.com/Nv7-Github/chromego v0.0.0-20210322235531-278b5427eaac h1:I0oOUwYp85VmbMtzOaBT76J4rvHjGsHfjDWJqfHY/UY=
github.com/Nv7-Github/chromego v0.0.0-20210322235531-278b5427eaac/go.mod h1:7iQHVPihKPL5R673AspKjLEwh7gTqW8t02uD3Hcjaj4=
github.com/bunsenapp/go-selenium v0.1.0 h1:sDE9BCUoZNWycffacIzjU2ubpGTCMX3K9+QhbsbY4EI=
github.com/bunsenapp/go-selenium v0.1.0/go.mod h1:QbngcjhmXoGwhOcwBMhSXYl1A29IVDZff1T00GZ7y30=
